
Microsoft Visual Studio Solution File, Format Version 12.00
# Visual Studio Version 16
VisualStudioVersion = 16.0.33027.164
MinimumVisualStudioVersion = 10.0.40219.1
Project("{FAE04EC0-301F-11D3-BF4B-00C04F79EFBC}") = "PrimeiraApp", "PrimeiraApp\PrimeiraApp.csproj", "{FE148879-933F-4B59-93FB-056157E4295D}"
EndProject
Global
	GlobalSection(SolutionConfigurationPlatforms) = preSolution
		Debug|Any CPU = Debug|Any CPU
		Release|Any CPU = Release|Any CPU
	EndGlobalSection
	GlobalSection(ProjectConfigurationPlatforms) = postSolution
		{FE148879-933F-4B59-93FB-056157E4295D}.Debug|Any CPU.ActiveCfg = Debug|Any CPU
		{FE148879-933F-4B59-93FB-056157E4295D}.Debug|Any CPU.Build.0 = Debug|Any CPU
		{FE148879-933F-4B59-93FB-056157E4295D}.Release|Any CPU.ActiveCfg = Release|Any CPU
		{FE148879-933F-4B59-93FB-056157E4295D}.Release|Any CPU.Build.0 = Release|Any CPU
	EndGlobalSection
	GlobalSection(SolutionProperties) = preSolution
		HideSolutionNode = FALSE
	EndGlobalSection
	GlobalSection(ExtensibilityGlobals) = postSolution
		SolutionGuid = {2D018A5D-733D-4EC9-A13D-A421893573E2}
	EndGlobalSection
EndGlobal
